
Microsoft Visual Studio Solution File, Format Version 12.00
# Visual Studio Version 16
VisualStudioVersion = 16.0.31911.196
MinimumVisualStudioVersion = 10.0.40219.1
Project("{FAE04EC0-301F-11D3-BF4B-00C04F79EFBC}") = "vetApp", "vetApp.csproj", "{CF1ECEEC-72A6-49FA-96A8-5B618BCB25C5}"
EndProject
Global
	GlobalSection(SolutionConfigurationPlatforms) = preSolution
		Debug|Any CPU = Debug|Any CPU
		Release|Any CPU = Release|Any CPU
	EndGlobalSection
	GlobalSection(ProjectConfigurationPlatforms) = postSolution
		{CF1ECEEC-72A6-49FA-96A8-5B618BCB25C5}.Debug|Any CPU.ActiveCfg = Debug|Any CPU
		{CF1ECEEC-72A6-49FA-96A8-5B618BCB25C5}.Debug|Any CPU.Build.0 = Debug|Any CPU
		{CF1ECEEC-72A6-49FA-96A8-5B618BCB25C5}.Release|Any CPU.ActiveCfg = Release|Any CPU
		{CF1ECEEC-72A6-49FA-96A8-5B618BCB25C5}.Release|Any CPU.Build.0 = Release|Any CPU
	EndGlobalSection
	GlobalSection(SolutionProperties) = preSolution
		HideSolutionNode = FALSE
	EndGlobalSection
	GlobalSection(ExtensibilityGlobals) = postSolution
		SolutionGuid = {67BAD831-C9AE-42E1-BA16-C856B381ADE0}
	EndGlobalSection
EndGlobal
